lockVersion: 2.0.0
id: 269b4377-e36b-42c4-9e18-aa74d5f13d72
management:
  docChecksum: 01276287da5e729b01c2886897fe6bbf
  docVersion: 3.0.1
  speakeasyVersion: internal
  generationVersion: 2.250.2
  releaseVersion: 0.1.0
  configChecksum: f75ae5f3551d69211de9c0dea7ecbe71
  repoURL: https://github.com/BoltApp/bolt-go.git
  repoSubDirectory: .
  installationURL: https://github.com/BoltApp/bolt-go
  published: true
features:
  go:
    core: 3.3.2
    flattening: 2.81.1
    globalSecurity: 2.82.6
    globalServerURLs: 2.82.1
    groups: 2.81.2
    ignores: 2.81.1
    inputOutputModels: 2.83.0
    methodSecurity: 2.82.2
    nameOverrides: 2.81.1
    unions: 2.85.2
generatedFiles:
  - account.go
  - guest.go
  - loggedin.go
  - payments.go
  - oauth.go
  - orders.go
  - testing.go
  - bolttypescriptsdk.go
  - go.mod
  - go.sum
  - models/sdkerrors/sdkerror.go
  - types/bigint.go
  - types/date.go
  - types/datetime.go
  - types/decimal.go
  - types/pointers.go
  - internal/utils/contenttype.go
  - internal/utils/form.go
  - internal/utils/headers.go
  - internal/utils/json.go
  - internal/utils/pathparams.go
  - internal/utils/queryparams.go
  - internal/utils/requestbody.go
  - internal/utils/retries.go
  - internal/utils/security.go
  - internal/utils/utils.go
  - /models/operations/accountget.go
  - /models/operations/accountaddresscreate.go
  - /models/operations/accountaddressedit.go
  - /models/operations/accountaddressdelete.go
  - /models/operations/accountaddpaymentmethod.go
  - /models/operations/accountpaymentmethoddelete.go
  - /models/operations/guestpaymentsinitialize.go
  - /models/operations/guestpaymentsupdate.go
  - /models/operations/guestpaymentsaction.go
  - /models/operations/paymentsinitialize.go
  - /models/operations/paymentsupdate.go
  - /models/operations/paymentsaction.go
  - /models/operations/oauthgettoken.go
  - /models/operations/orderscreate.go
  - /models/operations/testingaccountcreate.go
  - /models/operations/testingcreditcardget.go
  - /models/components/account.go
  - /models/components/profile.go
  - /models/components/paymentmethod.go
  - /models/components/paymentmethodcreditcard.go
  - /models/components/creditcardnetwork.go
  - /models/components/addressreference.go
  - /models/components/addressreferenceid.go
  - /models/components/addressreferenceexplicit.go
  - /models/components/countrycode.go
  - /models/components/paymentmethodpaypaloutput.go
  - /models/components/paymentmethodaffirmoutput.go
  - /models/components/paymentmethodafterpayoutput.go
  - /models/components/paymentmethodklarnaoutput.go
  - /models/components/paymentmethodklarnaaccountoutput.go
  - /models/components/paymentmethodklarnapaynowoutput.go
  - /models/components/addresslisting.go
  - /models/components/error.go
  - /models/components/fielderror.go
  - /models/components/addresslistinginput.go
  - /models/components/creditcarderror.go
  - /models/components/paymentmethodinput.go
  - /models/components/addressreferenceinput.go
  - /models/components/paymentresponse.go
  - /models/components/paymentresponsefinalized.go
  - /models/components/transaction.go
  - /models/components/paymentresponsepending.go
  - /models/components/carterror.go
  - /models/components/guestpaymentinitializerequest.go
  - /models/components/cart.go
  - /models/components/amount.go
  - /models/components/cartitem.go
  - /models/components/cartdiscount.go
  - /models/components/cartshipment.go
  - /models/components/profilecreationdata.go
  - /models/components/paymentupdaterequest.go
  - /models/components/paymentactionrequest.go
  - /models/components/paymentinitializerequest.go
  - /models/components/paymentmethodextended.go
  - /models/components/paymentmethodreference.go
  - /models/components/getaccesstokenresponse.go
  - /models/components/getaccesstokenrequest.go
  - /models/components/orderresponse.go
  - /models/components/order.go
  - /models/components/accounttestcreationdataoutput.go
  - /models/components/testcreditcard.go
  - /models/components/security.go
  - /models/sdkerrors/accountget.go
  - /models/sdkerrors/accountaddresscreate.go
  - /models/sdkerrors/accountaddressedit.go
  - /models/sdkerrors/accountaddressdelete.go
  - /models/sdkerrors/accountaddpaymentmethod.go
  - /models/sdkerrors/accountpaymentmethoddelete.go
  - /models/sdkerrors/guestpaymentsinitialize.go
  - /models/sdkerrors/guestpaymentsupdate.go
  - /models/sdkerrors/guestpaymentsaction.go
  - /models/sdkerrors/paymentsinitialize.go
  - /models/sdkerrors/paymentsupdate.go
  - /models/sdkerrors/paymentsaction.go
  - /models/sdkerrors/oauthgettoken.go
  - /models/sdkerrors/orderscreate.go
  - /models/sdkerrors/testingaccountcreate.go
  - /models/sdkerrors/testingcreditcardget.go
  - docs/models/operations/accountgetrequest.md
  - docs/models/operations/accountgetresponse.md
  - docs/models/operations/accountaddresscreaterequest.md
  - docs/models/operations/accountaddresscreateresponse.md
  - docs/models/operations/accountaddresseditrequest.md
  - docs/models/operations/accountaddresseditresponse.md
  - docs/models/operations/accountaddressdeleterequest.md
  - docs/models/operations/accountaddressdeleteresponse.md
  - docs/models/operations/accountaddpaymentmethodrequest.md
  - docs/models/operations/accountaddpaymentmethodresponse.md
  - docs/models/operations/accountpaymentmethoddeleterequest.md
  - docs/models/operations/accountpaymentmethoddeleteresponse.md
  - docs/models/operations/guestpaymentsinitializesecurity.md
  - docs/models/operations/guestpaymentsinitializerequest.md
  - docs/models/operations/guestpaymentsinitializeresponse.md
  - docs/models/operations/guestpaymentsupdatesecurity.md
  - docs/models/operations/guestpaymentsupdaterequest.md
  - docs/models/operations/guestpaymentsupdateresponse.md
  - docs/models/operations/guestpaymentsactionsecurity.md
  - docs/models/operations/guestpaymentsactionrequest.md
  - docs/models/operations/guestpaymentsactionresponse.md
  - docs/models/operations/paymentsinitializerequest.md
  - docs/models/operations/paymentsinitializeresponse.md
  - docs/models/operations/paymentsupdaterequest.md
  - docs/models/operations/paymentsupdateresponse.md
  - docs/models/operations/paymentsactionrequest.md
  - docs/models/operations/paymentsactionresponse.md
  - docs/models/operations/oauthgettokenresponse.md
  - docs/models/operations/orderscreatesecurity.md
  - docs/models/operations/orderscreaterequest.md
  - docs/models/operations/orderscreateresponse.md
  - docs/models/operations/testingaccountcreatesecurity.md
  - docs/models/operations/testingaccountcreaterequest.md
  - docs/models/operations/testingaccountcreateresponse.md
  - docs/models/operations/testingcreditcardgetsecurity.md
  - docs/models/operations/type.md
  - docs/models/operations/testingcreditcardgetrequestbody.md
  - docs/models/operations/testingcreditcardgetresponse.md
  - docs/models/components/account.md
  - docs/models/components/profile.md
  - docs/models/components/paymentmethod.md
  - docs/models/components/dottag.md
  - docs/models/components/paymentmethodcreditcard.md
  - docs/models/components/creditcardnetwork.md
  - docs/models/components/addressreference.md
  - docs/models/components/addressreferenceidtag.md
  - docs/models/components/addressreferenceid.md
  - docs/models/components/addressreferenceexplicittag.md
  - docs/models/components/addressreferenceexplicit.md
  - docs/models/components/countrycode.md
  - docs/models/components/paymentmethodpaypaltag.md
  - docs/models/components/paymentmethodpaypaloutput.md
  - docs/models/components/paymentmethodaffirmtag.md
  - docs/models/components/paymentmethodaffirmoutput.md
  - docs/models/components/paymentmethodafterpaytag.md
  - docs/models/components/paymentmethodafterpayoutput.md
  - docs/models/components/paymentmethodklarnatag.md
  - docs/models/components/paymentmethodklarnaoutput.md
  - docs/models/components/paymentmethodklarnaaccounttag.md
  - docs/models/components/paymentmethodklarnaaccountoutput.md
  - docs/models/components/paymentmethodklarnapaynowtag.md
  - docs/models/components/paymentmethodklarnapaynowoutput.md
  - docs/models/components/addresslisting.md
  - docs/models/components/errortag.md
  - docs/models/components/error.md
  - docs/models/components/fielderrortag.md
  - docs/models/components/fielderror.md
  - docs/models/components/addresslistinginput.md
  - docs/models/components/creditcarderrortag.md
  - docs/models/components/creditcarderror.md
  - docs/models/components/paymentmethodinput.md
  - docs/models/components/paymentmethodcreditcardinput.md
  - docs/models/components/addressreferenceinput.md
  - docs/models/components/addressreferenceexplicitinput.md
  - docs/models/components/paymentmethodpaypal.md
  - docs/models/components/paymentmethodaffirm.md
  - docs/models/components/paymentmethodafterpay.md
  - docs/models/components/paymentmethodklarna.md
  - docs/models/components/paymentmethodklarnaaccount.md
  - docs/models/components/paymentmethodklarnapaynow.md
  - docs/models/components/paymentresponse.md
  - docs/models/components/paymentresponsefinalizedtag.md
  - docs/models/components/status.md
  - docs/models/components/paymentresponsefinalized.md
  - docs/models/components/transaction.md
  - docs/models/components/paymentresponsependingtag.md
  - docs/models/components/paymentresponsependingstatus.md
  - docs/models/components/action.md
  - docs/models/components/paymentresponsepending.md
  - docs/models/components/carterrortag.md
  - docs/models/components/carterror.md
  - docs/models/components/guestpaymentinitializerequest.md
  - docs/models/components/cart.md
  - docs/models/components/currency.md
  - docs/models/components/amount.md
  - docs/models/components/cartitem.md
  - docs/models/components/cartdiscount.md
  - docs/models/components/cartshipment.md
  - docs/models/components/profilecreationdata.md
  - docs/models/components/paymentupdaterequest.md
  - docs/models/components/paymentactionrequesttag.md
  - docs/models/components/paymentactionrequest.md
  - docs/models/components/paymentinitializerequest.md
  - docs/models/components/paymentmethodextended.md
  - docs/models/components/paymentmethodreferencetag.md
  - docs/models/components/paymentmethodreference.md
  - docs/models/components/getaccesstokenresponse.md
  - docs/models/components/granttype.md
  - docs/models/components/scope.md
  - docs/models/components/getaccesstokenrequest.md
  - docs/models/components/orderresponse.md
  - docs/models/components/order.md
  - docs/models/components/emailstate.md
  - docs/models/components/phonestate.md
  - docs/models/components/accounttestcreationdataoutput.md
  - docs/models/components/accounttestcreationdata.md
  - docs/models/components/testcreditcard.md
  - docs/models/components/security.md
  - docs/models/sdkerrors/accountgetresponsebody.md
  - docs/models/sdkerrors/accountaddresscreateresponsebody.md
  - docs/models/sdkerrors/accountaddresseditresponsebody.md
  - docs/models/sdkerrors/accountaddressdeleteresponsebody.md
  - docs/models/sdkerrors/accountaddpaymentmethodresponsebody.md
  - docs/models/sdkerrors/accountpaymentmethoddeleteresponsebody.md
  - docs/models/sdkerrors/guestpaymentsinitializeresponsebody.md
  - docs/models/sdkerrors/guestpaymentsupdateresponsebody.md
  - docs/models/sdkerrors/guestpaymentsactionresponsebody.md
  - docs/models/sdkerrors/paymentsinitializeresponsebody.md
  - docs/models/sdkerrors/paymentsupdateresponsebody.md
  - docs/models/sdkerrors/paymentsactionresponsebody.md
  - docs/models/sdkerrors/oauthgettokenresponsebody.md
  - docs/models/sdkerrors/orderscreateresponsebody.md
  - docs/models/sdkerrors/testingaccountcreateresponsebody.md
  - docs/models/sdkerrors/testingcreditcardgetresponsebody.md
  - docs/sdks/bolttypescriptsdk/README.md
  - docs/sdks/account/README.md
  - docs/sdks/payments/README.md
  - docs/sdks/guest/README.md
  - docs/sdks/loggedin/README.md
  - docs/sdks/oauth/README.md
  - docs/sdks/orders/README.md
  - docs/sdks/testing/README.md
  - USAGE.md
  - .gitattributes
