speakeasyVersion: 1.448.0
sources:
    bolt-go-api:
        sourceNamespace: bolt-go-api
        sourceRevisionDigest: sha256:ad72b092f9f1cb9e61610aa0a7e5465de14f1fef3ace6aacaacc759d192990c6
        sourceBlobDigest: sha256:886c47ec39cdcda7d16a6f7a6371e261223773a52c17990d85b34603de783d3b
        tags:
            - latest
            - speakeasy-sdk-regen-1732666361
            - 3.2.5
targets:
    bolt-go-sdk:
        source: bolt-go-api
        sourceNamespace: bolt-go-api
        sourceRevisionDigest: sha256:ad72b092f9f1cb9e61610aa0a7e5465de14f1fef3ace6aacaacc759d192990c6
        sourceBlobDigest: sha256:886c47ec39cdcda7d16a6f7a6371e261223773a52c17990d85b34603de783d3b
        codeSamplesNamespace: bolt-go-api-code-samples
        codeSamplesRevisionDigest: sha256:e4492256123d83e2623ba23384989d67c21cebd8cab87285d95fc6c10979188f
workflow:
    workflowVersion: 1.0.0
    speakeasyVersion: latest
    sources:
        bolt-go-api:
            inputs:
                - location: https://api-docs.bolt.com/api.bundle.yaml
            overlays:
                - location: ./generic_error_overlay.yaml
            registry:
                location: registry.speakeasyapi.dev/bolt/boltpublicapi/bolt-go-api
    targets:
        bolt-go-sdk:
            target: go
            source: bolt-go-api
            codeSamples:
                registry:
                    location: registry.speakeasyapi.dev/bolt/boltpublicapi/bolt-go-api-code-samples
                blocking: false
