speakeasyVersion: 1.308.2
sources:
    bolt-go-api:
        sourceNamespace: bolt-go-api
        sourceRevisionDigest: sha256:8f2cfc6911f904b99b052bb2441efe76ab25e1e0e14d0f70b583d4eefc026c7f
        sourceBlobDigest: sha256:df30046f99874e7f8417e9ca4944298b9ba72604804c2b786b6cc1deb571f2d9
        tags:
            - latest
targets:
    bolt-go-sdk:
        source: bolt-go-api
        sourceNamespace: bolt-go-api
        sourceRevisionDigest: sha256:8f2cfc6911f904b99b052bb2441efe76ab25e1e0e14d0f70b583d4eefc026c7f
        sourceBlobDigest: sha256:df30046f99874e7f8417e9ca4944298b9ba72604804c2b786b6cc1deb571f2d9
        outLocation: /Users/winonaschroeer-smith/Code/bolt-go
workflow:
    workflowVersion: 1.0.0
    speakeasyVersion: latest
    sources:
        bolt-go-api:
            inputs:
                - location: https://api-docs.bolt.com/api.bundle.yaml
            overlays:
                - location: ./generic_error_overlay.yaml
            registry:
                location: registry.speakeasyapi.dev/bolt/boltpublicapi/bolt-go-api
    targets:
        bolt-go-sdk:
            target: go
            source: bolt-go-api
