speakeasyVersion: 1.449.0
sources:
    bolt-go-api:
        sourceNamespace: bolt-go-api
        sourceRevisionDigest: sha256:7a3c59759ac60fba7a758c2b68b081c2729c9af640d3a8009b17b5b674d1182e
        sourceBlobDigest: sha256:ce756403cb129042cb09d118eaa9004b8b929926d8275faa3d07d85739d01b4a
        tags:
            - latest
            - speakeasy-sdk-regen-1733184839
            - 3.3.0
targets:
    bolt-go-sdk:
        source: bolt-go-api
        sourceNamespace: bolt-go-api
        sourceRevisionDigest: sha256:7a3c59759ac60fba7a758c2b68b081c2729c9af640d3a8009b17b5b674d1182e
        sourceBlobDigest: sha256:ce756403cb129042cb09d118eaa9004b8b929926d8275faa3d07d85739d01b4a
        codeSamplesNamespace: bolt-go-api-code-samples
        codeSamplesRevisionDigest: sha256:441e95631c97958948686d15775c188ba055614fa2e7cb6a0cebde57fc52e7ea
workflow:
    workflowVersion: 1.0.0
    speakeasyVersion: latest
    sources:
        bolt-go-api:
            inputs:
                - location: https://api-docs.bolt.com/api.bundle.yaml
            overlays:
                - location: ./generic_error_overlay.yaml
            registry:
                location: registry.speakeasyapi.dev/bolt/boltpublicapi/bolt-go-api
    targets:
        bolt-go-sdk:
            target: go
            source: bolt-go-api
            codeSamples:
                registry:
                    location: registry.speakeasyapi.dev/bolt/boltpublicapi/bolt-go-api-code-samples
                blocking: false
